
Microsoft Visual Studio Solution File, Format Version 12.00
# Visual Studio Version 17
VisualStudioVersion = 17.0.31903.59
MinimumVisualStudioVersion = 10.0.40219.1
Project("{9A19103F-16F7-4668-BE54-9A1E7A4F7556}") = "BasicCRUD", "BasicCRUD\BasicCRUD.csproj", "{08A63FFA-B453-4F11-88EB-6118C3D60C43}"
	ProjectSection(ProjectDependencies) = postProject
		{37A98298-B3E1-42F7-9137-EF06449C507E} = {37A98298-B3E1-42F7-9137-EF06449C507E}
		{B45750B9-9FCD-46DB-8FF1-7E92795DC1A1} = {B45750B9-9FCD-46DB-8FF1-7E92795DC1A1}
		{6F3A73E3-1A9F-4FAB-8679-1097B6692EFC} = {6F3A73E3-1A9F-4FAB-8679-1097B6692EFC}
	EndProjectSection
EndProject
Project("{FAE04EC0-301F-11D3-BF4B-00C04F79EFBC}") = "BasicCRUD.DataAccess", "BasicCRUD.DataAccess\BasicCRUD.DataAccess.csproj", "{6F3A73E3-1A9F-4FAB-8679-1097B6692EFC}"
EndProject
Project("{FAE04EC0-301F-11D3-BF4B-00C04F79EFBC}") = "BasicCRUD.Utility", "BasicCRUD.Utility\BasicCRUD.Utility.csproj", "{B45750B9-9FCD-46DB-8FF1-7E92795DC1A1}"
EndProject
Project("{FAE04EC0-301F-11D3-BF4B-00C04F79EFBC}") = "BasicCRUD.Models", "BasicCRUD.Models\BasicCRUD.Models.csproj", "{37A98298-B3E1-42F7-9137-EF06449C507E}"
EndProject
Global
	GlobalSection(SolutionConfigurationPlatforms) = preSolution
		Debug|Any CPU = Debug|Any CPU
		Release|Any CPU = Release|Any CPU
	EndGlobalSection
	GlobalSection(ProjectConfigurationPlatforms) = postSolution
		{08A63FFA-B453-4F11-88EB-6118C3D60C43}.Debug|Any CPU.ActiveCfg = Debug|Any CPU
		{08A63FFA-B453-4F11-88EB-6118C3D60C43}.Debug|Any CPU.Build.0 = Debug|Any CPU
		{08A63FFA-B453-4F11-88EB-6118C3D60C43}.Release|Any CPU.ActiveCfg = Release|Any CPU
		{08A63FFA-B453-4F11-88EB-6118C3D60C43}.Release|Any CPU.Build.0 = Release|Any CPU
		{6F3A73E3-1A9F-4FAB-8679-1097B6692EFC}.Debug|Any CPU.ActiveCfg = Debug|Any CPU
		{6F3A73E3-1A9F-4FAB-8679-1097B6692EFC}.Debug|Any CPU.Build.0 = Debug|Any CPU
		{6F3A73E3-1A9F-4FAB-8679-1097B6692EFC}.Release|Any CPU.ActiveCfg = Release|Any CPU
		{6F3A73E3-1A9F-4FAB-8679-1097B6692EFC}.Release|Any CPU.Build.0 = Release|Any CPU
		{B45750B9-9FCD-46DB-8FF1-7E92795DC1A1}.Debug|Any CPU.ActiveCfg = Debug|Any CPU
		{B45750B9-9FCD-46DB-8FF1-7E92795DC1A1}.Debug|Any CPU.Build.0 = Debug|Any CPU
		{B45750B9-9FCD-46DB-8FF1-7E92795DC1A1}.Release|Any CPU.ActiveCfg = Release|Any CPU
		{B45750B9-9FCD-46DB-8FF1-7E92795DC1A1}.Release|Any CPU.Build.0 = Release|Any CPU
		{37A98298-B3E1-42F7-9137-EF06449C507E}.Debug|Any CPU.ActiveCfg = Debug|Any CPU
		{37A98298-B3E1-42F7-9137-EF06449C507E}.Debug|Any CPU.Build.0 = Debug|Any CPU
		{37A98298-B3E1-42F7-9137-EF06449C507E}.Release|Any CPU.ActiveCfg = Release|Any CPU
		{37A98298-B3E1-42F7-9137-EF06449C507E}.Release|Any CPU.Build.0 = Release|Any CPU
	EndGlobalSection
	GlobalSection(SolutionProperties) = preSolution
		HideSolutionNode = FALSE
	EndGlobalSection
	GlobalSection(ExtensibilityGlobals) = postSolution
		SolutionGuid = {F1F15D1F-5544-4976-833D-CA1AA4DBF415}
	EndGlobalSection
EndGlobal
