
Microsoft Visual Studio Solution File, Format Version 12.00
# Visual Studio Version 17
VisualStudioVersion = 17.0.31903.59
MinimumVisualStudioVersion = 10.0.40219.1
Project("{FAE04EC0-301F-11D3-BF4B-00C04F79EFBC}") = "BasicCRUD", "BasicCRUD\BasicCRUD.csproj", "{08A63FFA-B453-4F11-88EB-6118C3D60C43}"
EndProject
Global
	GlobalSection(SolutionConfigurationPlatforms) = preSolution
		Debug|Any CPU = Debug|Any CPU
		Release|Any CPU = Release|Any CPU
	EndGlobalSection
	GlobalSection(ProjectConfigurationPlatforms) = postSolution
		{08A63FFA-B453-4F11-88EB-6118C3D60C43}.Debug|Any CPU.ActiveCfg = Debug|Any CPU
		{08A63FFA-B453-4F11-88EB-6118C3D60C43}.Debug|Any CPU.Build.0 = Debug|Any CPU
		{08A63FFA-B453-4F11-88EB-6118C3D60C43}.Release|Any CPU.ActiveCfg = Release|Any CPU
		{08A63FFA-B453-4F11-88EB-6118C3D60C43}.Release|Any CPU.Build.0 = Release|Any CPU
	EndGlobalSection
	GlobalSection(SolutionProperties) = preSolution
		HideSolutionNode = FALSE
	EndGlobalSection
	GlobalSection(ExtensibilityGlobals) = postSolution
		SolutionGuid = {F1F15D1F-5544-4976-833D-CA1AA4DBF415}
	EndGlobalSection
EndGlobal
